
Microsoft Visual Studio Solution File, Format Version 11.00
# Visual Studio 2010
Project("{FAE04EC0-301F-11D3-BF4B-00C04F79EFBC}") = "Mike.AmqpSpike", "Mike.AmqpSpike\Mike.AmqpSpike.csproj", "{54108F8D-F949-4280-B59D-82EB4A317C32}"
EndProject
Project("{FAE04EC0-301F-11D3-BF4B-00C04F79EFBC}") = "EasyNetQ", "EasyNetQ\EasyNetQ.csproj", "{B8DEF709-5168-48F1-B8D3-AD44E4A4A22B}"
EndProject
Project("{FAE04EC0-301F-11D3-BF4B-00C04F79EFBC}") = "EasyNetQ.Tests", "EasyNetQ.Tests\EasyNetQ.Tests.csproj", "{640DEC15-3A17-4E85-B38A-CFB379426DC2}"
EndProject
Project("{FAE04EC0-301F-11D3-BF4B-00C04F79EFBC}") = "EasyNetQ.Tests.SimpleService", "EasyNetQ.Tests.SimpleService\EasyNetQ.Tests.SimpleService.csproj", "{D5166633-83A2-48FA-B534-C2EC9D9DE9C3}"
EndProject
Global
	GlobalSection(SolutionConfigurationPlatforms) = preSolution
		Debug|Any CPU = Debug|Any CPU
		Debug|Mixed Platforms = Debug|Mixed Platforms
		Debug|x86 = Debug|x86
		Release|Any CPU = Release|Any CPU
		Release|Mixed Platforms = Release|Mixed Platforms
		Release|x86 = Release|x86
	EndGlobalSection
	GlobalSection(ProjectConfigurationPlatforms) = postSolution
		{54108F8D-F949-4280-B59D-82EB4A317C32}.Debug|Any CPU.ActiveCfg = Debug|Any CPU
		{54108F8D-F949-4280-B59D-82EB4A317C32}.Debug|Any CPU.Build.0 = Debug|Any CPU
		{54108F8D-F949-4280-B59D-82EB4A317C32}.Debug|Mixed Platforms.ActiveCfg = Debug|Any CPU
		{54108F8D-F949-4280-B59D-82EB4A317C32}.Debug|Mixed Platforms.Build.0 = Debug|Any CPU
		{54108F8D-F949-4280-B59D-82EB4A317C32}.Debug|x86.ActiveCfg = Debug|Any CPU
		{54108F8D-F949-4280-B59D-82EB4A317C32}.Release|Any CPU.ActiveCfg = Release|Any CPU
		{54108F8D-F949-4280-B59D-82EB4A317C32}.Release|Any CPU.Build.0 = Release|Any CPU
		{54108F8D-F949-4280-B59D-82EB4A317C32}.Release|Mixed Platforms.ActiveCfg = Release|Any CPU
		{54108F8D-F949-4280-B59D-82EB4A317C32}.Release|Mixed Platforms.Build.0 = Release|Any CPU
		{54108F8D-F949-4280-B59D-82EB4A317C32}.Release|x86.ActiveCfg = Release|Any CPU
		{B8DEF709-5168-48F1-B8D3-AD44E4A4A22B}.Debug|Any CPU.ActiveCfg = Debug|Any CPU
		{B8DEF709-5168-48F1-B8D3-AD44E4A4A22B}.Debug|Any CPU.Build.0 = Debug|Any CPU
		{B8DEF709-5168-48F1-B8D3-AD44E4A4A22B}.Debug|Mixed Platforms.ActiveCfg = Debug|Any CPU
		{B8DEF709-5168-48F1-B8D3-AD44E4A4A22B}.Debug|Mixed Platforms.Build.0 = Debug|Any CPU
		{B8DEF709-5168-48F1-B8D3-AD44E4A4A22B}.Debug|x86.ActiveCfg = Debug|Any CPU
		{B8DEF709-5168-48F1-B8D3-AD44E4A4A22B}.Release|Any CPU.ActiveCfg = Release|Any CPU
		{B8DEF709-5168-48F1-B8D3-AD44E4A4A22B}.Release|Any CPU.Build.0 = Release|Any CPU
		{B8DEF709-5168-48F1-B8D3-AD44E4A4A22B}.Release|Mixed Platforms.ActiveCfg = Release|Any CPU
		{B8DEF709-5168-48F1-B8D3-AD44E4A4A22B}.Release|Mixed Platforms.Build.0 = Release|Any CPU
		{B8DEF709-5168-48F1-B8D3-AD44E4A4A22B}.Release|x86.ActiveCfg = Release|Any CPU
		{640DEC15-3A17-4E85-B38A-CFB379426DC2}.Debug|Any CPU.ActiveCfg = Debug|Any CPU
		{640DEC15-3A17-4E85-B38A-CFB379426DC2}.Debug|Any CPU.Build.0 = Debug|Any CPU
		{640DEC15-3A17-4E85-B38A-CFB379426DC2}.Debug|Mixed Platforms.ActiveCfg = Debug|Any CPU
		{640DEC15-3A17-4E85-B38A-CFB379426DC2}.Debug|Mixed Platforms.Build.0 = Debug|Any CPU
		{640DEC15-3A17-4E85-B38A-CFB379426DC2}.Debug|x86.ActiveCfg = Debug|Any CPU
		{640DEC15-3A17-4E85-B38A-CFB379426DC2}.Release|Any CPU.ActiveCfg = Release|Any CPU
		{640DEC15-3A17-4E85-B38A-CFB379426DC2}.Release|Any CPU.Build.0 = Release|Any CPU
		{640DEC15-3A17-4E85-B38A-CFB379426DC2}.Release|Mixed Platforms.ActiveCfg = Release|Any CPU
		{640DEC15-3A17-4E85-B38A-CFB379426DC2}.Release|Mixed Platforms.Build.0 = Release|Any CPU
		{640DEC15-3A17-4E85-B38A-CFB379426DC2}.Release|x86.ActiveCfg = Release|Any CPU
		{D5166633-83A2-48FA-B534-C2EC9D9DE9C3}.Debug|Any CPU.ActiveCfg = Debug|x86
		{D5166633-83A2-48FA-B534-C2EC9D9DE9C3}.Debug|Mixed Platforms.ActiveCfg = Debug|x86
		{D5166633-83A2-48FA-B534-C2EC9D9DE9C3}.Debug|Mixed Platforms.Build.0 = Debug|x86
		{D5166633-83A2-48FA-B534-C2EC9D9DE9C3}.Debug|x86.ActiveCfg = Debug|x86
		{D5166633-83A2-48FA-B534-C2EC9D9DE9C3}.Debug|x86.Build.0 = Debug|x86
		{D5166633-83A2-48FA-B534-C2EC9D9DE9C3}.Release|Any CPU.ActiveCfg = Release|x86
		{D5166633-83A2-48FA-B534-C2EC9D9DE9C3}.Release|Mixed Platforms.ActiveCfg = Release|x86
		{D5166633-83A2-48FA-B534-C2EC9D9DE9C3}.Release|Mixed Platforms.Build.0 = Release|x86
		{D5166633-83A2-48FA-B534-C2EC9D9DE9C3}.Release|x86.ActiveCfg = Release|x86
		{D5166633-83A2-48FA-B534-C2EC9D9DE9C3}.Release|x86.Build.0 = Release|x86
	EndGlobalSection
	GlobalSection(SolutionProperties) = preSolution
		HideSolutionNode = FALSE
	EndGlobalSection
EndGlobal
