
Microsoft Visual Studio Solution File, Format Version 11.00
# Visual Studio 2010
Project("{FAE04EC0-301F-11D3-BF4B-00C04F79EFBC}") = "Mike.AmqpSpike", "Mike.AmqpSpike\Mike.AmqpSpike.csproj", "{54108F8D-F949-4280-B59D-82EB4A317C32}"
EndProject
Project("{FAE04EC0-301F-11D3-BF4B-00C04F79EFBC}") = "EasyNetQ", "EasyNetQ\EasyNetQ.csproj", "{B8DEF709-5168-48F1-B8D3-AD44E4A4A22B}"
EndProject
Project("{FAE04EC0-301F-11D3-BF4B-00C04F79EFBC}") = "EasyNetQ.Tests", "EasyNetQ.Tests\EasyNetQ.Tests.csproj", "{640DEC15-3A17-4E85-B38A-CFB379426DC2}"
EndProject
Project("{FAE04EC0-301F-11D3-BF4B-00C04F79EFBC}") = "EasyNetQ.Tests.SimpleService", "EasyNetQ.Tests.SimpleService\EasyNetQ.Tests.SimpleService.csproj", "{D5166633-83A2-48FA-B534-C2EC9D9DE9C3}"
EndProject
Project("{2150E333-8FDC-42A3-9474-1A3956D46DE8}") = "Solution Items", "Solution Items", "{6301F5B7-5B36-4EDA-8E37-6C970155F8B4}"
	ProjectSection(SolutionItems) = preProject
		..\Package\EasyNetQ.nuspec = ..\Package\EasyNetQ.nuspec
		..\licence.txt = ..\licence.txt
		Version.cs = Version.cs
	EndProjectSection
EndProject
Project("{FAE04EC0-301F-11D3-BF4B-00C04F79EFBC}") = "EasyNetQ.SagaHost", "EasyNetQ.SagaHost\EasyNetQ.SagaHost.csproj", "{D3B5AF63-BBCC-4BD7-A9EF-AF458D28727C}"
EndProject
Project("{FAE04EC0-301F-11D3-BF4B-00C04F79EFBC}") = "EasyNetQ.Tests.SimpleSaga", "EasyNetQ.Tests.SimpleSaga\EasyNetQ.Tests.SimpleSaga.csproj", "{4B9D7CAA-CCF5-45B8-BE0F-84C9837A9AB0}"
EndProject
Project("{FAE04EC0-301F-11D3-BF4B-00C04F79EFBC}") = "EasyNetQ.Tests.Messages", "EasyNetQ.Tests.Messages\EasyNetQ.Tests.Messages.csproj", "{E7AF3836-8354-4CDE-A9E7-352569B65B1E}"
EndProject
Project("{FAE04EC0-301F-11D3-BF4B-00C04F79EFBC}") = "EasyNetQ.Scheduler", "EasyNetQ.Scheduler\EasyNetQ.Scheduler.csproj", "{03B93AAD-6CAB-4726-826E-B05684AEC1B9}"
EndProject
Project("{FAE04EC0-301F-11D3-BF4B-00C04F79EFBC}") = "EasyNetQ.Scheduler.Tests", "EasyNetQ.Scheduler.Tests\EasyNetQ.Scheduler.Tests.csproj", "{530A771C-B12E-48E4-AE10-11B8F6537F4F}"
EndProject
Project("{FAE04EC0-301F-11D3-BF4B-00C04F79EFBC}") = "EasyNetQ.LogReader", "EasyNetQ.LogReader\EasyNetQ.LogReader.csproj", "{AA7F9D04-085B-4B71-8541-B838F5CAF9F2}"
EndProject
Project("{FAE04EC0-301F-11D3-BF4B-00C04F79EFBC}") = "EasyNetQ.Hosepipe", "EasyNetQ.Hosepipe\EasyNetQ.Hosepipe.csproj", "{99A7A83D-6F75-4A1C-83E8-7C4AF881B273}"
EndProject
Project("{FAE04EC0-301F-11D3-BF4B-00C04F79EFBC}") = "EasyNetQ.Hosepipe.Tests", "EasyNetQ.Hosepipe.Tests\EasyNetQ.Hosepipe.Tests.csproj", "{DA597678-7873-4156-8112-8C70B164381A}"
EndProject
Project("{54435603-DBB4-11D2-8724-00A0C9A8B90C}") = "EasyNetQ.Hosepipe.Setup", "EasyNetQ.Hosepipe.Setup\EasyNetQ.Hosepipe.Setup.vdproj", "{A15F4EFD-3A09-45EF-9BE0-82A2765E52AD}"
EndProject
Project("{FAE04EC0-301F-11D3-BF4B-00C04F79EFBC}") = "EasyNetQ.Hosepipe.SetupActions", "EasyNetQ.Hosepipe.SetupActions\EasyNetQ.Hosepipe.SetupActions.csproj", "{93F795C9-FCA3-4B9F-B7EC-19759B8E44CE}"
EndProject
Project("{FAE04EC0-301F-11D3-BF4B-00C04F79EFBC}") = "EasyNetQ.Tests.Performance.Producer", "EasyNetQ.Tests.Performance.Producer\EasyNetQ.Tests.Performance.Producer.csproj", "{1E9ED1F5-024D-4BE7-A6F7-52942D268536}"
EndProject
Project("{FAE04EC0-301F-11D3-BF4B-00C04F79EFBC}") = "EasyNetQ.Tests.Performance.Consumer", "EasyNetQ.Tests.Performance.Consumer\EasyNetQ.Tests.Performance.Consumer.csproj", "{F0B51B7C-F17F-41FE-9E14-7727AD697C97}"
EndProject
Project("{2150E333-8FDC-42A3-9474-1A3956D46DE8}") = "DatabaseScripts", "DatabaseScripts", "{896B72E7-50D5-49B9-987B-4250092E39BB}"
EndProject
Project("{2150E333-8FDC-42A3-9474-1A3956D46DE8}") = "EasyNetQ.Scheduler", "EasyNetQ.Scheduler", "{F8DF03D5-863A-4F10-89DF-D0ADA3269FB2}"
	ProjectSection(SolutionItems) = preProject
		..\DatabaseScripts\EasyNetQ.Scheduler\CreateWorkTables.sql = ..\DatabaseScripts\EasyNetQ.Scheduler\CreateWorkTables.sql
		..\DatabaseScripts\EasyNetQ.Scheduler\uspAddNewMessageToSchedule.sql = ..\DatabaseScripts\EasyNetQ.Scheduler\uspAddNewMessageToSchedule.sql
		..\DatabaseScripts\EasyNetQ.Scheduler\uspGetNextBatchOfMessages.sql = ..\DatabaseScripts\EasyNetQ.Scheduler\uspGetNextBatchOfMessages.sql
		..\DatabaseScripts\EasyNetQ.Scheduler\uspMarkWorkItemForPurge.sql = ..\DatabaseScripts\EasyNetQ.Scheduler\uspMarkWorkItemForPurge.sql
		..\DatabaseScripts\EasyNetQ.Scheduler\uspWorkItemsSelfPurge.sql = ..\DatabaseScripts\EasyNetQ.Scheduler\uspWorkItemsSelfPurge.sql
	EndProjectSection
EndProject
Project("{FAE04EC0-301F-11D3-BF4B-00C04F79EFBC}") = "EasyNetQ.InMemoryClient", "EasyNetQ.InMemoryClient\EasyNetQ.InMemoryClient.csproj", "{E5115EA9-CD2E-439B-878A-DEF7F3E8FD99}"
EndProject
Project("{FAE04EC0-301F-11D3-BF4B-00C04F79EFBC}") = "EasyNetQ.Tests.SimpleRequester", "EasyNetQ.Tests.SimpleRequester\EasyNetQ.Tests.SimpleRequester.csproj", "{5EDAA7BF-CD00-440C-9697-D24F7B37CFFA}"
EndProject
Project("{FAE04EC0-301F-11D3-BF4B-00C04F79EFBC}") = "EasyNetQ.Management.Client", "EasyNetQ.Management.Client\EasyNetQ.Management.Client.csproj", "{9888950B-EF30-4763-9076-38B071CDB535}"
EndProject
Project("{FAE04EC0-301F-11D3-BF4B-00C04F79EFBC}") = "EasyNetQ.Management.Client.Tests", "EasyNetQ.Management.Client.Tests\EasyNetQ.Management.Client.Tests.csproj", "{F411090D-1CAB-4726-9F2B-582E9D9D80D7}"
EndProject
Global
	GlobalSection(SolutionConfigurationPlatforms) = preSolution
		Debug|Any CPU = Debug|Any CPU
		Debug|Mixed Platforms = Debug|Mixed Platforms
		Debug|x86 = Debug|x86
		Release|Any CPU = Release|Any CPU
		Release|Mixed Platforms = Release|Mixed Platforms
		Release|x86 = Release|x86
	EndGlobalSection
	GlobalSection(ProjectConfigurationPlatforms) = postSolution
		{54108F8D-F949-4280-B59D-82EB4A317C32}.Debug|Any CPU.ActiveCfg = Debug|Any CPU
		{54108F8D-F949-4280-B59D-82EB4A317C32}.Debug|Any CPU.Build.0 = Debug|Any CPU
		{54108F8D-F949-4280-B59D-82EB4A317C32}.Debug|Mixed Platforms.ActiveCfg = Debug|Any CPU
		{54108F8D-F949-4280-B59D-82EB4A317C32}.Debug|Mixed Platforms.Build.0 = Debug|Any CPU
		{54108F8D-F949-4280-B59D-82EB4A317C32}.Debug|x86.ActiveCfg = Debug|Any CPU
		{54108F8D-F949-4280-B59D-82EB4A317C32}.Release|Any CPU.ActiveCfg = Release|Any CPU
		{54108F8D-F949-4280-B59D-82EB4A317C32}.Release|Any CPU.Build.0 = Release|Any CPU
		{54108F8D-F949-4280-B59D-82EB4A317C32}.Release|Mixed Platforms.ActiveCfg = Release|Any CPU
		{54108F8D-F949-4280-B59D-82EB4A317C32}.Release|Mixed Platforms.Build.0 = Release|Any CPU
		{54108F8D-F949-4280-B59D-82EB4A317C32}.Release|x86.ActiveCfg = Release|Any CPU
		{B8DEF709-5168-48F1-B8D3-AD44E4A4A22B}.Debug|Any CPU.ActiveCfg = Debug|Any CPU
		{B8DEF709-5168-48F1-B8D3-AD44E4A4A22B}.Debug|Any CPU.Build.0 = Debug|Any CPU
		{B8DEF709-5168-48F1-B8D3-AD44E4A4A22B}.Debug|Mixed Platforms.ActiveCfg = Debug|Any CPU
		{B8DEF709-5168-48F1-B8D3-AD44E4A4A22B}.Debug|Mixed Platforms.Build.0 = Debug|Any CPU
		{B8DEF709-5168-48F1-B8D3-AD44E4A4A22B}.Debug|x86.ActiveCfg = Debug|Any CPU
		{B8DEF709-5168-48F1-B8D3-AD44E4A4A22B}.Release|Any CPU.ActiveCfg = Release|Any CPU
		{B8DEF709-5168-48F1-B8D3-AD44E4A4A22B}.Release|Any CPU.Build.0 = Release|Any CPU
		{B8DEF709-5168-48F1-B8D3-AD44E4A4A22B}.Release|Mixed Platforms.ActiveCfg = Release|Any CPU
		{B8DEF709-5168-48F1-B8D3-AD44E4A4A22B}.Release|Mixed Platforms.Build.0 = Release|Any CPU
		{B8DEF709-5168-48F1-B8D3-AD44E4A4A22B}.Release|x86.ActiveCfg = Release|Any CPU
		{640DEC15-3A17-4E85-B38A-CFB379426DC2}.Debug|Any CPU.ActiveCfg = Debug|Any CPU
		{640DEC15-3A17-4E85-B38A-CFB379426DC2}.Debug|Any CPU.Build.0 = Debug|Any CPU
		{640DEC15-3A17-4E85-B38A-CFB379426DC2}.Debug|Mixed Platforms.ActiveCfg = Debug|Any CPU
		{640DEC15-3A17-4E85-B38A-CFB379426DC2}.Debug|Mixed Platforms.Build.0 = Debug|Any CPU
		{640DEC15-3A17-4E85-B38A-CFB379426DC2}.Debug|x86.ActiveCfg = Debug|Any CPU
		{640DEC15-3A17-4E85-B38A-CFB379426DC2}.Release|Any CPU.ActiveCfg = Release|Any CPU
		{640DEC15-3A17-4E85-B38A-CFB379426DC2}.Release|Any CPU.Build.0 = Release|Any CPU
		{640DEC15-3A17-4E85-B38A-CFB379426DC2}.Release|Mixed Platforms.ActiveCfg = Release|Any CPU
		{640DEC15-3A17-4E85-B38A-CFB379426DC2}.Release|Mixed Platforms.Build.0 = Release|Any CPU
		{640DEC15-3A17-4E85-B38A-CFB379426DC2}.Release|x86.ActiveCfg = Release|Any CPU
		{D5166633-83A2-48FA-B534-C2EC9D9DE9C3}.Debug|Any CPU.ActiveCfg = Debug|x86
		{D5166633-83A2-48FA-B534-C2EC9D9DE9C3}.Debug|Mixed Platforms.ActiveCfg = Debug|x86
		{D5166633-83A2-48FA-B534-C2EC9D9DE9C3}.Debug|Mixed Platforms.Build.0 = Debug|x86
		{D5166633-83A2-48FA-B534-C2EC9D9DE9C3}.Debug|x86.ActiveCfg = Debug|x86
		{D5166633-83A2-48FA-B534-C2EC9D9DE9C3}.Debug|x86.Build.0 = Debug|x86
		{D5166633-83A2-48FA-B534-C2EC9D9DE9C3}.Release|Any CPU.ActiveCfg = Release|x86
		{D5166633-83A2-48FA-B534-C2EC9D9DE9C3}.Release|Mixed Platforms.ActiveCfg = Release|x86
		{D5166633-83A2-48FA-B534-C2EC9D9DE9C3}.Release|Mixed Platforms.Build.0 = Release|x86
		{D5166633-83A2-48FA-B534-C2EC9D9DE9C3}.Release|x86.ActiveCfg = Release|x86
		{D5166633-83A2-48FA-B534-C2EC9D9DE9C3}.Release|x86.Build.0 = Release|x86
		{D3B5AF63-BBCC-4BD7-A9EF-AF458D28727C}.Debug|Any CPU.ActiveCfg = Debug|x86
		{D3B5AF63-BBCC-4BD7-A9EF-AF458D28727C}.Debug|Mixed Platforms.ActiveCfg = Debug|x86
		{D3B5AF63-BBCC-4BD7-A9EF-AF458D28727C}.Debug|Mixed Platforms.Build.0 = Debug|x86
		{D3B5AF63-BBCC-4BD7-A9EF-AF458D28727C}.Debug|x86.ActiveCfg = Debug|x86
		{D3B5AF63-BBCC-4BD7-A9EF-AF458D28727C}.Debug|x86.Build.0 = Debug|x86
		{D3B5AF63-BBCC-4BD7-A9EF-AF458D28727C}.Release|Any CPU.ActiveCfg = Release|x86
		{D3B5AF63-BBCC-4BD7-A9EF-AF458D28727C}.Release|Mixed Platforms.ActiveCfg = Release|x86
		{D3B5AF63-BBCC-4BD7-A9EF-AF458D28727C}.Release|Mixed Platforms.Build.0 = Release|x86
		{D3B5AF63-BBCC-4BD7-A9EF-AF458D28727C}.Release|x86.ActiveCfg = Release|x86
		{D3B5AF63-BBCC-4BD7-A9EF-AF458D28727C}.Release|x86.Build.0 = Release|x86
		{4B9D7CAA-CCF5-45B8-BE0F-84C9837A9AB0}.Debug|Any CPU.ActiveCfg = Debug|Any CPU
		{4B9D7CAA-CCF5-45B8-BE0F-84C9837A9AB0}.Debug|Any CPU.Build.0 = Debug|Any CPU
		{4B9D7CAA-CCF5-45B8-BE0F-84C9837A9AB0}.Debug|Mixed Platforms.ActiveCfg = Debug|Any CPU
		{4B9D7CAA-CCF5-45B8-BE0F-84C9837A9AB0}.Debug|Mixed Platforms.Build.0 = Debug|Any CPU
		{4B9D7CAA-CCF5-45B8-BE0F-84C9837A9AB0}.Debug|x86.ActiveCfg = Debug|Any CPU
		{4B9D7CAA-CCF5-45B8-BE0F-84C9837A9AB0}.Release|Any CPU.ActiveCfg = Release|Any CPU
		{4B9D7CAA-CCF5-45B8-BE0F-84C9837A9AB0}.Release|Any CPU.Build.0 = Release|Any CPU
		{4B9D7CAA-CCF5-45B8-BE0F-84C9837A9AB0}.Release|Mixed Platforms.ActiveCfg = Release|Any CPU
		{4B9D7CAA-CCF5-45B8-BE0F-84C9837A9AB0}.Release|Mixed Platforms.Build.0 = Release|Any CPU
		{4B9D7CAA-CCF5-45B8-BE0F-84C9837A9AB0}.Release|x86.ActiveCfg = Release|Any CPU
		{E7AF3836-8354-4CDE-A9E7-352569B65B1E}.Debug|Any CPU.ActiveCfg = Debug|Any CPU
		{E7AF3836-8354-4CDE-A9E7-352569B65B1E}.Debug|Any CPU.Build.0 = Debug|Any CPU
		{E7AF3836-8354-4CDE-A9E7-352569B65B1E}.Debug|Mixed Platforms.ActiveCfg = Debug|Any CPU
		{E7AF3836-8354-4CDE-A9E7-352569B65B1E}.Debug|Mixed Platforms.Build.0 = Debug|Any CPU
		{E7AF3836-8354-4CDE-A9E7-352569B65B1E}.Debug|x86.ActiveCfg = Debug|Any CPU
		{E7AF3836-8354-4CDE-A9E7-352569B65B1E}.Release|Any CPU.ActiveCfg = Release|Any CPU
		{E7AF3836-8354-4CDE-A9E7-352569B65B1E}.Release|Any CPU.Build.0 = Release|Any CPU
		{E7AF3836-8354-4CDE-A9E7-352569B65B1E}.Release|Mixed Platforms.ActiveCfg = Release|Any CPU
		{E7AF3836-8354-4CDE-A9E7-352569B65B1E}.Release|Mixed Platforms.Build.0 = Release|Any CPU
		{E7AF3836-8354-4CDE-A9E7-352569B65B1E}.Release|x86.ActiveCfg = Release|Any CPU
		{03B93AAD-6CAB-4726-826E-B05684AEC1B9}.Debug|Any CPU.ActiveCfg = Debug|x86
		{03B93AAD-6CAB-4726-826E-B05684AEC1B9}.Debug|Mixed Platforms.ActiveCfg = Debug|x86
		{03B93AAD-6CAB-4726-826E-B05684AEC1B9}.Debug|Mixed Platforms.Build.0 = Debug|x86
		{03B93AAD-6CAB-4726-826E-B05684AEC1B9}.Debug|x86.ActiveCfg = Debug|x86
		{03B93AAD-6CAB-4726-826E-B05684AEC1B9}.Debug|x86.Build.0 = Debug|x86
		{03B93AAD-6CAB-4726-826E-B05684AEC1B9}.Release|Any CPU.ActiveCfg = Release|x86
		{03B93AAD-6CAB-4726-826E-B05684AEC1B9}.Release|Mixed Platforms.ActiveCfg = Release|x86
		{03B93AAD-6CAB-4726-826E-B05684AEC1B9}.Release|Mixed Platforms.Build.0 = Release|x86
		{03B93AAD-6CAB-4726-826E-B05684AEC1B9}.Release|x86.ActiveCfg = Release|x86
		{03B93AAD-6CAB-4726-826E-B05684AEC1B9}.Release|x86.Build.0 = Release|x86
		{530A771C-B12E-48E4-AE10-11B8F6537F4F}.Debug|Any CPU.ActiveCfg = Debug|Any CPU
		{530A771C-B12E-48E4-AE10-11B8F6537F4F}.Debug|Any CPU.Build.0 = Debug|Any CPU
		{530A771C-B12E-48E4-AE10-11B8F6537F4F}.Debug|Mixed Platforms.ActiveCfg = Debug|Any CPU
		{530A771C-B12E-48E4-AE10-11B8F6537F4F}.Debug|Mixed Platforms.Build.0 = Debug|Any CPU
		{530A771C-B12E-48E4-AE10-11B8F6537F4F}.Debug|x86.ActiveCfg = Debug|Any CPU
		{530A771C-B12E-48E4-AE10-11B8F6537F4F}.Release|Any CPU.ActiveCfg = Release|Any CPU
		{530A771C-B12E-48E4-AE10-11B8F6537F4F}.Release|Any CPU.Build.0 = Release|Any CPU
		{530A771C-B12E-48E4-AE10-11B8F6537F4F}.Release|Mixed Platforms.ActiveCfg = Release|Any CPU
		{530A771C-B12E-48E4-AE10-11B8F6537F4F}.Release|Mixed Platforms.Build.0 = Release|Any CPU
		{530A771C-B12E-48E4-AE10-11B8F6537F4F}.Release|x86.ActiveCfg = Release|Any CPU
		{AA7F9D04-085B-4B71-8541-B838F5CAF9F2}.Debug|Any CPU.ActiveCfg = Debug|x86
		{AA7F9D04-085B-4B71-8541-B838F5CAF9F2}.Debug|Mixed Platforms.ActiveCfg = Debug|x86
		{AA7F9D04-085B-4B71-8541-B838F5CAF9F2}.Debug|Mixed Platforms.Build.0 = Debug|x86
		{AA7F9D04-085B-4B71-8541-B838F5CAF9F2}.Debug|x86.ActiveCfg = Debug|x86
		{AA7F9D04-085B-4B71-8541-B838F5CAF9F2}.Debug|x86.Build.0 = Debug|x86
		{AA7F9D04-085B-4B71-8541-B838F5CAF9F2}.Release|Any CPU.ActiveCfg = Release|x86
		{AA7F9D04-085B-4B71-8541-B838F5CAF9F2}.Release|Mixed Platforms.ActiveCfg = Release|x86
		{AA7F9D04-085B-4B71-8541-B838F5CAF9F2}.Release|Mixed Platforms.Build.0 = Release|x86
		{AA7F9D04-085B-4B71-8541-B838F5CAF9F2}.Release|x86.ActiveCfg = Release|x86
		{AA7F9D04-085B-4B71-8541-B838F5CAF9F2}.Release|x86.Build.0 = Release|x86
		{99A7A83D-6F75-4A1C-83E8-7C4AF881B273}.Debug|Any CPU.ActiveCfg = Debug|x86
		{99A7A83D-6F75-4A1C-83E8-7C4AF881B273}.Debug|Mixed Platforms.ActiveCfg = Debug|x86
		{99A7A83D-6F75-4A1C-83E8-7C4AF881B273}.Debug|Mixed Platforms.Build.0 = Debug|x86
		{99A7A83D-6F75-4A1C-83E8-7C4AF881B273}.Debug|x86.ActiveCfg = Debug|x86
		{99A7A83D-6F75-4A1C-83E8-7C4AF881B273}.Debug|x86.Build.0 = Debug|x86
		{99A7A83D-6F75-4A1C-83E8-7C4AF881B273}.Release|Any CPU.ActiveCfg = Release|x86
		{99A7A83D-6F75-4A1C-83E8-7C4AF881B273}.Release|Mixed Platforms.ActiveCfg = Release|x86
		{99A7A83D-6F75-4A1C-83E8-7C4AF881B273}.Release|Mixed Platforms.Build.0 = Release|x86
		{99A7A83D-6F75-4A1C-83E8-7C4AF881B273}.Release|x86.ActiveCfg = Release|x86
		{99A7A83D-6F75-4A1C-83E8-7C4AF881B273}.Release|x86.Build.0 = Release|x86
		{DA597678-7873-4156-8112-8C70B164381A}.Debug|Any CPU.ActiveCfg = Debug|Any CPU
		{DA597678-7873-4156-8112-8C70B164381A}.Debug|Any CPU.Build.0 = Debug|Any CPU
		{DA597678-7873-4156-8112-8C70B164381A}.Debug|Mixed Platforms.ActiveCfg = Debug|Any CPU
		{DA597678-7873-4156-8112-8C70B164381A}.Debug|Mixed Platforms.Build.0 = Debug|Any CPU
		{DA597678-7873-4156-8112-8C70B164381A}.Debug|x86.ActiveCfg = Debug|Any CPU
		{DA597678-7873-4156-8112-8C70B164381A}.Release|Any CPU.ActiveCfg = Release|Any CPU
		{DA597678-7873-4156-8112-8C70B164381A}.Release|Any CPU.Build.0 = Release|Any CPU
		{DA597678-7873-4156-8112-8C70B164381A}.Release|Mixed Platforms.ActiveCfg = Release|Any CPU
		{DA597678-7873-4156-8112-8C70B164381A}.Release|Mixed Platforms.Build.0 = Release|Any CPU
		{DA597678-7873-4156-8112-8C70B164381A}.Release|x86.ActiveCfg = Release|Any CPU
		{A15F4EFD-3A09-45EF-9BE0-82A2765E52AD}.Debug|Any CPU.ActiveCfg = Debug
		{A15F4EFD-3A09-45EF-9BE0-82A2765E52AD}.Debug|Mixed Platforms.ActiveCfg = Debug
		{A15F4EFD-3A09-45EF-9BE0-82A2765E52AD}.Debug|x86.ActiveCfg = Debug
		{A15F4EFD-3A09-45EF-9BE0-82A2765E52AD}.Release|Any CPU.ActiveCfg = Release
		{A15F4EFD-3A09-45EF-9BE0-82A2765E52AD}.Release|Mixed Platforms.ActiveCfg = Release
		{A15F4EFD-3A09-45EF-9BE0-82A2765E52AD}.Release|x86.ActiveCfg = Release
		{93F795C9-FCA3-4B9F-B7EC-19759B8E44CE}.Debug|Any CPU.ActiveCfg = Debug|Any CPU
		{93F795C9-FCA3-4B9F-B7EC-19759B8E44CE}.Debug|Any CPU.Build.0 = Debug|Any CPU
		{93F795C9-FCA3-4B9F-B7EC-19759B8E44CE}.Debug|Mixed Platforms.ActiveCfg = Debug|Any CPU
		{93F795C9-FCA3-4B9F-B7EC-19759B8E44CE}.Debug|Mixed Platforms.Build.0 = Debug|Any CPU
		{93F795C9-FCA3-4B9F-B7EC-19759B8E44CE}.Debug|x86.ActiveCfg = Debug|Any CPU
		{93F795C9-FCA3-4B9F-B7EC-19759B8E44CE}.Release|Any CPU.ActiveCfg = Release|Any CPU
		{93F795C9-FCA3-4B9F-B7EC-19759B8E44CE}.Release|Any CPU.Build.0 = Release|Any CPU
		{93F795C9-FCA3-4B9F-B7EC-19759B8E44CE}.Release|Mixed Platforms.ActiveCfg = Release|Any CPU
		{93F795C9-FCA3-4B9F-B7EC-19759B8E44CE}.Release|Mixed Platforms.Build.0 = Release|Any CPU
		{93F795C9-FCA3-4B9F-B7EC-19759B8E44CE}.Release|x86.ActiveCfg = Release|Any CPU
		{1E9ED1F5-024D-4BE7-A6F7-52942D268536}.Debug|Any CPU.ActiveCfg = Debug|x86
		{1E9ED1F5-024D-4BE7-A6F7-52942D268536}.Debug|Mixed Platforms.ActiveCfg = Debug|x86
		{1E9ED1F5-024D-4BE7-A6F7-52942D268536}.Debug|Mixed Platforms.Build.0 = Debug|x86
		{1E9ED1F5-024D-4BE7-A6F7-52942D268536}.Debug|x86.ActiveCfg = Debug|x86
		{1E9ED1F5-024D-4BE7-A6F7-52942D268536}.Debug|x86.Build.0 = Debug|x86
		{1E9ED1F5-024D-4BE7-A6F7-52942D268536}.Release|Any CPU.ActiveCfg = Release|x86
		{1E9ED1F5-024D-4BE7-A6F7-52942D268536}.Release|Mixed Platforms.ActiveCfg = Release|x86
		{1E9ED1F5-024D-4BE7-A6F7-52942D268536}.Release|Mixed Platforms.Build.0 = Release|x86
		{1E9ED1F5-024D-4BE7-A6F7-52942D268536}.Release|x86.ActiveCfg = Release|x86
		{1E9ED1F5-024D-4BE7-A6F7-52942D268536}.Release|x86.Build.0 = Release|x86
		{F0B51B7C-F17F-41FE-9E14-7727AD697C97}.Debug|Any CPU.ActiveCfg = Debug|x86
		{F0B51B7C-F17F-41FE-9E14-7727AD697C97}.Debug|Mixed Platforms.ActiveCfg = Debug|x86
		{F0B51B7C-F17F-41FE-9E14-7727AD697C97}.Debug|Mixed Platforms.Build.0 = Debug|x86
		{F0B51B7C-F17F-41FE-9E14-7727AD697C97}.Debug|x86.ActiveCfg = Debug|x86
		{F0B51B7C-F17F-41FE-9E14-7727AD697C97}.Debug|x86.Build.0 = Debug|x86
		{F0B51B7C-F17F-41FE-9E14-7727AD697C97}.Release|Any CPU.ActiveCfg = Release|x86
		{F0B51B7C-F17F-41FE-9E14-7727AD697C97}.Release|Mixed Platforms.ActiveCfg = Release|x86
		{F0B51B7C-F17F-41FE-9E14-7727AD697C97}.Release|Mixed Platforms.Build.0 = Release|x86
		{F0B51B7C-F17F-41FE-9E14-7727AD697C97}.Release|x86.ActiveCfg = Release|x86
		{F0B51B7C-F17F-41FE-9E14-7727AD697C97}.Release|x86.Build.0 = Release|x86
		{E5115EA9-CD2E-439B-878A-DEF7F3E8FD99}.Debug|Any CPU.ActiveCfg = Debug|Any CPU
		{E5115EA9-CD2E-439B-878A-DEF7F3E8FD99}.Debug|Any CPU.Build.0 = Debug|Any CPU
		{E5115EA9-CD2E-439B-878A-DEF7F3E8FD99}.Debug|Mixed Platforms.ActiveCfg = Debug|Any CPU
		{E5115EA9-CD2E-439B-878A-DEF7F3E8FD99}.Debug|Mixed Platforms.Build.0 = Debug|Any CPU
		{E5115EA9-CD2E-439B-878A-DEF7F3E8FD99}.Debug|x86.ActiveCfg = Debug|Any CPU
		{E5115EA9-CD2E-439B-878A-DEF7F3E8FD99}.Release|Any CPU.ActiveCfg = Release|Any CPU
		{E5115EA9-CD2E-439B-878A-DEF7F3E8FD99}.Release|Any CPU.Build.0 = Release|Any CPU
		{E5115EA9-CD2E-439B-878A-DEF7F3E8FD99}.Release|Mixed Platforms.ActiveCfg = Release|Any CPU
		{E5115EA9-CD2E-439B-878A-DEF7F3E8FD99}.Release|Mixed Platforms.Build.0 = Release|Any CPU
		{E5115EA9-CD2E-439B-878A-DEF7F3E8FD99}.Release|x86.ActiveCfg = Release|Any CPU
		{5EDAA7BF-CD00-440C-9697-D24F7B37CFFA}.Debug|Any CPU.ActiveCfg = Debug|x86
		{5EDAA7BF-CD00-440C-9697-D24F7B37CFFA}.Debug|Mixed Platforms.ActiveCfg = Debug|x86
		{5EDAA7BF-CD00-440C-9697-D24F7B37CFFA}.Debug|Mixed Platforms.Build.0 = Debug|x86
		{5EDAA7BF-CD00-440C-9697-D24F7B37CFFA}.Debug|x86.ActiveCfg = Debug|x86
		{5EDAA7BF-CD00-440C-9697-D24F7B37CFFA}.Debug|x86.Build.0 = Debug|x86
		{5EDAA7BF-CD00-440C-9697-D24F7B37CFFA}.Release|Any CPU.ActiveCfg = Release|x86
		{5EDAA7BF-CD00-440C-9697-D24F7B37CFFA}.Release|Mixed Platforms.ActiveCfg = Release|x86
		{5EDAA7BF-CD00-440C-9697-D24F7B37CFFA}.Release|Mixed Platforms.Build.0 = Release|x86
		{5EDAA7BF-CD00-440C-9697-D24F7B37CFFA}.Release|x86.ActiveCfg = Release|x86
		{5EDAA7BF-CD00-440C-9697-D24F7B37CFFA}.Release|x86.Build.0 = Release|x86
		{9888950B-EF30-4763-9076-38B071CDB535}.Debug|Any CPU.ActiveCfg = Debug|Any CPU
		{9888950B-EF30-4763-9076-38B071CDB535}.Debug|Any CPU.Build.0 = Debug|Any CPU
		{9888950B-EF30-4763-9076-38B071CDB535}.Debug|Mixed Platforms.ActiveCfg = Debug|Any CPU
		{9888950B-EF30-4763-9076-38B071CDB535}.Debug|Mixed Platforms.Build.0 = Debug|Any CPU
		{9888950B-EF30-4763-9076-38B071CDB535}.Debug|x86.ActiveCfg = Debug|Any CPU
		{9888950B-EF30-4763-9076-38B071CDB535}.Release|Any CPU.ActiveCfg = Release|Any CPU
		{9888950B-EF30-4763-9076-38B071CDB535}.Release|Any CPU.Build.0 = Release|Any CPU
		{9888950B-EF30-4763-9076-38B071CDB535}.Release|Mixed Platforms.ActiveCfg = Release|Any CPU
		{9888950B-EF30-4763-9076-38B071CDB535}.Release|Mixed Platforms.Build.0 = Release|Any CPU
		{9888950B-EF30-4763-9076-38B071CDB535}.Release|x86.ActiveCfg = Release|Any CPU
		{F411090D-1CAB-4726-9F2B-582E9D9D80D7}.Debug|Any CPU.ActiveCfg = Debug|Any CPU
		{F411090D-1CAB-4726-9F2B-582E9D9D80D7}.Debug|Any CPU.Build.0 = Debug|Any CPU
		{F411090D-1CAB-4726-9F2B-582E9D9D80D7}.Debug|Mixed Platforms.ActiveCfg = Debug|Any CPU
		{F411090D-1CAB-4726-9F2B-582E9D9D80D7}.Debug|Mixed Platforms.Build.0 = Debug|Any CPU
		{F411090D-1CAB-4726-9F2B-582E9D9D80D7}.Debug|x86.ActiveCfg = Debug|Any CPU
		{F411090D-1CAB-4726-9F2B-582E9D9D80D7}.Release|Any CPU.ActiveCfg = Release|Any CPU
		{F411090D-1CAB-4726-9F2B-582E9D9D80D7}.Release|Any CPU.Build.0 = Release|Any CPU
		{F411090D-1CAB-4726-9F2B-582E9D9D80D7}.Release|Mixed Platforms.ActiveCfg = Release|Any CPU
		{F411090D-1CAB-4726-9F2B-582E9D9D80D7}.Release|Mixed Platforms.Build.0 = Release|Any CPU
		{F411090D-1CAB-4726-9F2B-582E9D9D80D7}.Release|x86.ActiveCfg = Release|Any CPU
	EndGlobalSection
	GlobalSection(SolutionProperties) = preSolution
		HideSolutionNode = FALSE
	EndGlobalSection
	GlobalSection(NestedProjects) = preSolution
		{F8DF03D5-863A-4F10-89DF-D0ADA3269FB2} = {896B72E7-50D5-49B9-987B-4250092E39BB}
	EndGlobalSection
EndGlobal
